// !$*UTF8*$!
{
	archiveVersion = 1;
	classes = {
	};
	objectVersion = 55;
	objects = {

/* Begin PBXBuildFile section */
		5576200ED67D3BC48959F522 /* Pods_Official_UT_Fitness_AppTests.framework in Frameworks */ = {isa = PBXBuildFile; fileRef = A3DDDEAAF28C6737115C923C /* Pods_Official_UT_Fitness_AppTests.framework */; };
		65E1A7D378498958DA9552D0 /* Pods_Official_UT_Fitness_App_Official_UT_Fitness_AppUITests.framework in Frameworks */ = {isa = PBXBuildFile; fileRef = 2638CBBCA2078AFE023E3555 /* Pods_Official_UT_Fitness_App_Official_UT_Fitness_AppUITests.framework */; };
		8C19AC4D2952674100AC572F /* AppDelegate.swift in Sources */ = {isa = PBXBuildFile; fileRef = 8C19AC4C2952674100AC572F /* AppDelegate.swift */; };
		8C19AC4F2952674100AC572F /* SceneDelegate.swift in Sources */ = {isa = PBXBuildFile; fileRef = 8C19AC4E2952674100AC572F /* SceneDelegate.swift */; };
		8C19AC512952674100AC572F /* Home.swift in Sources */ = {isa = PBXBuildFile; fileRef = 8C19AC502952674100AC572F /* Home.swift */; };
		8C19AC542952674100AC572F /* Main.storyboard in Resources */ = {isa = PBXBuildFile; fileRef = 8C19AC522952674100AC572F /* Main.storyboard */; };
		8C19AC592952674200AC572F /* LaunchScreen.storyboard in Resources */ = {isa = PBXBuildFile; fileRef = 8C19AC572952674200AC572F /* LaunchScreen.storyboard */; };
		8C19AC642952674200AC572F /* Official_UT_Fitness_AppTests.swift in Sources */ = {isa = PBXBuildFile; fileRef = 8C19AC632952674200AC572F /* Official_UT_Fitness_AppTests.swift */; };
		8C19AC6E2952674200AC572F /* Official_UT_Fitness_AppUITests.swift in Sources */ = {isa = PBXBuildFile; fileRef = 8C19AC6D2952674200AC572F /* Official_UT_Fitness_AppUITests.swift */; };
		8C19AC702952674200AC572F /* Official_UT_Fitness_AppUITestsLaunchTests.swift in Sources */ = {isa = PBXBuildFile; fileRef = 8C19AC6F2952674200AC572F /* Official_UT_Fitness_AppUITestsLaunchTests.swift */; };
		8C19AC8029526A2600AC572F /* ExerciseLibrary.swift in Sources */ = {isa = PBXBuildFile; fileRef = 8C19AC7F29526A2600AC572F /* ExerciseLibrary.swift */; };
		8C19AC8229526A4500AC572F /* SecondsToString.swift in Sources */ = {isa = PBXBuildFile; fileRef = 8C19AC8129526A4500AC572F /* SecondsToString.swift */; };
		8C19AC8429526B9200AC572F /* NutritionAnalysis.swift in Sources */ = {isa = PBXBuildFile; fileRef = 8C19AC8329526B9200AC572F /* NutritionAnalysis.swift */; };
		8C19AC8629526BAD00AC572F /* GifLoader.swift in Sources */ = {isa = PBXBuildFile; fileRef = 8C19AC8529526BAD00AC572F /* GifLoader.swift */; };
		8C19AC8829526BC400AC572F /* SegueLeftAnimation.swift in Sources */ = {isa = PBXBuildFile; fileRef = 8C19AC8729526BC400AC572F /* SegueLeftAnimation.swift */; };
		8C19AC8A29526BD900AC572F /* SegueRightAnimation.swift in Sources */ = {isa = PBXBuildFile; fileRef = 8C19AC8929526BD900AC572F /* SegueRightAnimation.swift */; };
		8C19AC8C29526D2F00AC572F /* NutritionStats.swift in Sources */ = {isa = PBXBuildFile; fileRef = 8C19AC8B29526D2F00AC572F /* NutritionStats.swift */; };
		8C19AC8E29526D3C00AC572F /* TrainingSession.swift in Sources */ = {isa = PBXBuildFile; fileRef = 8C19AC8D29526D3C00AC572F /* TrainingSession.swift */; };
		8C19AC9029526D4600AC572F /* Rest.swift in Sources */ = {isa = PBXBuildFile; fileRef = 8C19AC8F29526D4600AC572F /* Rest.swift */; };
		8C19AC94295274A400AC572F /* training_in_session.gif in Resources */ = {isa = PBXBuildFile; fileRef = 8C19AC93295274A400AC572F /* training_in_session.gif */; };
		8C19AC96295274C100AC572F /* fasterbackground.gif in Resources */ = {isa = PBXBuildFile; fileRef = 8C19AC95295274C100AC572F /* fasterbackground.gif */; };
		8C19AC9C29537D3800AC572F /* Assets.xcassets in Resources */ = {isa = PBXBuildFile; fileRef = 8C19AC552952674200AC572F /* Assets.xcassets */; };
		8C2FA9512961175700E6F8BE /* Constants.swift in Sources */ = {isa = PBXBuildFile; fileRef = 8C2FA9502961175700E6F8BE /* Constants.swift */; };
		8C5DBFA1297B19EB003B23E9 /* ExerciseGenerator.swift in Sources */ = {isa = PBXBuildFile; fileRef = 8C5DBFA0297B19EB003B23E9 /* ExerciseGenerator.swift */; };
		8C5DBFA6297C927C003B23E9 /* GenerateWorkout.swift in Sources */ = {isa = PBXBuildFile; fileRef = 8C5DBFA5297C927C003B23E9 /* GenerateWorkout.swift */; };
		8C66728029647B0B00C638CA /* GoogleService-Info.plist in Resources */ = {isa = PBXBuildFile; fileRef = 8C66727F29647B0B00C638CA /* GoogleService-Info.plist */; };
		8C6CECFB29732A5C0087E36E /* EnterUserInfo.swift in Sources */ = {isa = PBXBuildFile; fileRef = 8C6CECFA29732A5C0087E36E /* EnterUserInfo.swift */; };
		8CD14A802970DC9B00E01BC6 /* LoginViewController.swift in Sources */ = {isa = PBXBuildFile; fileRef = 8CD14A7F2970DC9B00E01BC6 /* LoginViewController.swift */; };
		8CD14A822970DD0300E01BC6 /* SignUpController.swift in Sources */ = {isa = PBXBuildFile; fileRef = 8CD14A812970DD0300E01BC6 /* SignUpController.swift */; };
		8CDA1608299AD7A400464B6C /* Session.swift in Sources */ = {isa = PBXBuildFile; fileRef = 8CDA1607299AD7A400464B6C /* Session.swift */; };
		8CED00D22996AB6E0094766E /* Exercise.swift in Sources */ = {isa = PBXBuildFile; fileRef = 8CED00D12996AB6E0094766E /* Exercise.swift */; };
		8CEFFA5929539E52005B52DB /* NSUIColor+Hex.swift in Sources */ = {isa = PBXBuildFile; fileRef = 8CEFFA5829539E52005B52DB /* NSUIColor+Hex.swift */; };
		F9106865FF1F741507187DF1 /* Pods_Official_UT_Fitness_App.framework in Frameworks */ = {isa = PBXBuildFile; fileRef = 6874B3A2A8FA13C935A042B2 /* Pods_Official_UT_Fitness_App.framework */; };
/* End PBXBuildFile section */

/* Begin PBXContainerItemProxy section */
		8C19AC602952674200AC572F /* PBXContainerItemProxy */ = {
			isa = PBXContainerItemProxy;
			containerPortal = 8C19AC412952674100AC572F /* Project object */;
			proxyType = 1;
			remoteGlobalIDString = 8C19AC482952674100AC572F;
			remoteInfo = Official_UT_Fitness_App;
		};
		8C19AC6A2952674200AC572F /* PBXContainerItemProxy */ = {
			isa = PBXContainerItemProxy;
			containerPortal = 8C19AC412952674100AC572F /* Project object */;
			proxyType = 1;
			remoteGlobalIDString = 8C19AC482952674100AC572F;
			remoteInfo = Official_UT_Fitness_App;
		};
/* End PBXContainerItemProxy section */

/* Begin PBXFileReference section */
		166BD1D9C2FC0D3C03C7205B /* Pods-Official_UT_Fitness_App.debug.xcconfig */ = {isa = PBXFileReference; includeInIndex = 1; lastKnownFileType = text.xcconfig; name = "Pods-Official_UT_Fitness_App.debug.xcconfig"; path = "Target Support Files/Pods-Official_UT_Fitness_App/Pods-Official_UT_Fitness_App.debug.xcconfig"; sourceTree = "<group>"; };
		2638CBBCA2078AFE023E3555 /* Pods_Official_UT_Fitness_App_Official_UT_Fitness_AppUITests.framework */ = {isa = PBXFileReference; explicitFileType = wrapper.framework; includeInIndex = 0; path = Pods_Official_UT_Fitness_App_Official_UT_Fitness_AppUITests.framework; sourceTree = BUILT_PRODUCTS_DIR; };
		387DDB4DF3C5592442406594 /* Pods-Official_UT_Fitness_App-Official_UT_Fitness_AppUITests.debug.xcconfig */ = {isa = PBXFileReference; includeInIndex = 1; lastKnownFileType = text.xcconfig; name = "Pods-Official_UT_Fitness_App-Official_UT_Fitness_AppUITests.debug.xcconfig"; path = "Target Support Files/Pods-Official_UT_Fitness_App-Official_UT_Fitness_AppUITests/Pods-Official_UT_Fitness_App-Official_UT_Fitness_AppUITests.debug.xcconfig"; sourceTree = "<group>"; };
		53451A228239E6B05FFA055E /* Pods-Official_UT_Fitness_App-Official_UT_Fitness_AppUITests.release.xcconfig */ = {isa = PBXFileReference; includeInIndex = 1; lastKnownFileType = text.xcconfig; name = "Pods-Official_UT_Fitness_App-Official_UT_Fitness_AppUITests.release.xcconfig"; path = "Target Support Files/Pods-Official_UT_Fitness_App-Official_UT_Fitness_AppUITests/Pods-Official_UT_Fitness_App-Official_UT_Fitness_AppUITests.release.xcconfig"; sourceTree = "<group>"; };
		6874B3A2A8FA13C935A042B2 /* Pods_Official_UT_Fitness_App.framework */ = {isa = PBXFileReference; explicitFileType = wrapper.framework; includeInIndex = 0; path = Pods_Official_UT_Fitness_App.framework; sourceTree = BUILT_PRODUCTS_DIR; };
		6F4723CCFB31E832D9CE4645 /* Pods-Official_UT_Fitness_AppTests.release.xcconfig */ = {isa = PBXFileReference; includeInIndex = 1; lastKnownFileType = text.xcconfig; name = "Pods-Official_UT_Fitness_AppTests.release.xcconfig"; path = "Target Support Files/Pods-Official_UT_Fitness_AppTests/Pods-Official_UT_Fitness_AppTests.release.xcconfig"; sourceTree = "<group>"; };
		8C19AC492952674100AC572F /* Official_UT_Fitness_App.app */ = {isa = PBXFileReference; explicitFileType = wrapper.application; includeInIndex = 0; path = Official_UT_Fitness_App.app; sourceTree = BUILT_PRODUCTS_DIR; };
		8C19AC4C2952674100AC572F /* AppDelegate.swift */ = {isa = PBXFileReference; lastKnownFileType = sourcecode.swift; path = AppDelegate.swift; sourceTree = "<group>"; };
		8C19AC4E2952674100AC572F /* SceneDelegate.swift */ = {isa = PBXFileReference; lastKnownFileType = sourcecode.swift; path = SceneDelegate.swift; sourceTree = "<group>"; };
		8C19AC502952674100AC572F /* Home.swift */ = {isa = PBXFileReference; lastKnownFileType = sourcecode.swift; path = Home.swift; sourceTree = "<group>"; };
		8C19AC532952674100AC572F /* Base */ = {isa = PBXFileReference; lastKnownFileType = file.storyboard; name = Base; path = Base.lproj/Main.storyboard; sourceTree = "<group>"; };
		8C19AC552952674200AC572F /* Assets.xcassets */ = {isa = PBXFileReference; lastKnownFileType = folder.assetcatalog; path = Assets.xcassets; sourceTree = "<group>"; };
		8C19AC582952674200AC572F /* Base */ = {isa = PBXFileReference; lastKnownFileType = file.storyboard; name = Base; path = Base.lproj/LaunchScreen.storyboard; sourceTree = "<group>"; };
		8C19AC5A2952674200AC572F /* Info.plist */ = {isa = PBXFileReference; lastKnownFileType = text.plist.xml; path = Info.plist; sourceTree = "<group>"; };
		8C19AC5F2952674200AC572F /* Official_UT_Fitness_AppTests.xctest */ = {isa = PBXFileReference; explicitFileType = wrapper.cfbundle; includeInIndex = 0; path = Official_UT_Fitness_AppTests.xctest; sourceTree = BUILT_PRODUCTS_DIR; };
		8C19AC632952674200AC572F /* Official_UT_Fitness_AppTests.swift */ = {isa = PBXFileReference; lastKnownFileType = sourcecode.swift; path = Official_UT_Fitness_AppTests.swift; sourceTree = "<group>"; };
		8C19AC692952674200AC572F /* Official_UT_Fitness_AppUITests.xctest */ = {isa = PBXFileReference; explicitFileType = wrapper.cfbundle; includeInIndex = 0; path = Official_UT_Fitness_AppUITests.xctest; sourceTree = BUILT_PRODUCTS_DIR; };
		8C19AC6D2952674200AC572F /* Official_UT_Fitness_AppUITests.swift */ = {isa = PBXFileReference; lastKnownFileType = sourcecode.swift; path = Official_UT_Fitness_AppUITests.swift; sourceTree = "<group>"; };
		8C19AC6F2952674200AC572F /* Official_UT_Fitness_AppUITestsLaunchTests.swift */ = {isa = PBXFileReference; lastKnownFileType = sourcecode.swift; path = Official_UT_Fitness_AppUITestsLaunchTests.swift; sourceTree = "<group>"; };
		8C19AC7F29526A2600AC572F /* ExerciseLibrary.swift */ = {isa = PBXFileReference; lastKnownFileType = sourcecode.swift; path = ExerciseLibrary.swift; sourceTree = "<group>"; };
		8C19AC8129526A4500AC572F /* SecondsToString.swift */ = {isa = PBXFileReference; lastKnownFileType = sourcecode.swift; path = SecondsToString.swift; sourceTree = "<group>"; };
		8C19AC8329526B9200AC572F /* NutritionAnalysis.swift */ = {isa = PBXFileReference; lastKnownFileType = sourcecode.swift; path = NutritionAnalysis.swift; sourceTree = "<group>"; };
		8C19AC8529526BAD00AC572F /* GifLoader.swift */ = {isa = PBXFileReference; lastKnownFileType = sourcecode.swift; path = GifLoader.swift; sourceTree = "<group>"; };
		8C19AC8729526BC400AC572F /* SegueLeftAnimation.swift */ = {isa = PBXFileReference; lastKnownFileType = sourcecode.swift; path = SegueLeftAnimation.swift; sourceTree = "<group>"; };
		8C19AC8929526BD900AC572F /* SegueRightAnimation.swift */ = {isa = PBXFileReference; lastKnownFileType = sourcecode.swift; path = SegueRightAnimation.swift; sourceTree = "<group>"; };
		8C19AC8B29526D2F00AC572F /* NutritionStats.swift */ = {isa = PBXFileReference; lastKnownFileType = sourcecode.swift; path = NutritionStats.swift; sourceTree = "<group>"; };
		8C19AC8D29526D3C00AC572F /* TrainingSession.swift */ = {isa = PBXFileReference; lastKnownFileType = sourcecode.swift; path = TrainingSession.swift; sourceTree = "<group>"; };
		8C19AC8F29526D4600AC572F /* Rest.swift */ = {isa = PBXFileReference; lastKnownFileType = sourcecode.swift; path = Rest.swift; sourceTree = "<group>"; };
		8C19AC93295274A400AC572F /* training_in_session.gif */ = {isa = PBXFileReference; lastKnownFileType = image.gif; path = training_in_session.gif; sourceTree = "<group>"; };
		8C19AC95295274C100AC572F /* fasterbackground.gif */ = {isa = PBXFileReference; lastKnownFileType = image.gif; path = fasterbackground.gif; sourceTree = "<group>"; };
		8C2FA9502961175700E6F8BE /* Constants.swift */ = {isa = PBXFileReference; lastKnownFileType = sourcecode.swift; path = Constants.swift; sourceTree = "<group>"; };
		8C5DBFA0297B19EB003B23E9 /* ExerciseGenerator.swift */ = {isa = PBXFileReference; lastKnownFileType = sourcecode.swift; path = ExerciseGenerator.swift; sourceTree = "<group>"; };
		8C5DBFA5297C927C003B23E9 /* GenerateWorkout.swift */ = {isa = PBXFileReference; lastKnownFileType = sourcecode.swift; path = GenerateWorkout.swift; sourceTree = "<group>"; };
		8C66727F29647B0B00C638CA /* GoogleService-Info.plist */ = {isa = PBXFileReference; fileEncoding = 4; lastKnownFileType = text.plist.xml; path = "GoogleService-Info.plist"; sourceTree = "<group>"; };
		8C6CECFA29732A5C0087E36E /* EnterUserInfo.swift */ = {isa = PBXFileReference; lastKnownFileType = sourcecode.swift; path = EnterUserInfo.swift; sourceTree = "<group>"; };
		8CD14A7F2970DC9B00E01BC6 /* LoginViewController.swift */ = {isa = PBXFileReference; lastKnownFileType = sourcecode.swift; path = LoginViewController.swift; sourceTree = "<group>"; };
		8CD14A812970DD0300E01BC6 /* SignUpController.swift */ = {isa = PBXFileReference; lastKnownFileType = sourcecode.swift; path = SignUpController.swift; sourceTree = "<group>"; };
		8CDA1607299AD7A400464B6C /* Session.swift */ = {isa = PBXFileReference; lastKnownFileType = sourcecode.swift; path = Session.swift; sourceTree = "<group>"; };
		8CED00D12996AB6E0094766E /* Exercise.swift */ = {isa = PBXFileReference; lastKnownFileType = sourcecode.swift; path = Exercise.swift; sourceTree = "<group>"; };
		8CEFFA5829539E52005B52DB /* NSUIColor+Hex.swift */ = {isa = PBXFileReference; lastKnownFileType = sourcecode.swift; path = "NSUIColor+Hex.swift"; sourceTree = "<group>"; };
		9663711416A9B86585B2B085 /* Pods-Official_UT_Fitness_AppTests.debug.xcconfig */ = {isa = PBXFileReference; includeInIndex = 1; lastKnownFileType = text.xcconfig; name = "Pods-Official_UT_Fitness_AppTests.debug.xcconfig"; path = "Target Support Files/Pods-Official_UT_Fitness_AppTests/Pods-Official_UT_Fitness_AppTests.debug.xcconfig"; sourceTree = "<group>"; };
		A3DDDEAAF28C6737115C923C /* Pods_Official_UT_Fitness_AppTests.framework */ = {isa = PBXFileReference; explicitFileType = wrapper.framework; includeInIndex = 0; path = Pods_Official_UT_Fitness_AppTests.framework; sourceTree = BUILT_PRODUCTS_DIR; };
		BFFCE74EBA9005058ACE6997 /* Pods-Official_UT_Fitness_App.release.xcconfig */ = {isa = PBXFileReference; includeInIndex = 1; lastKnownFileType = text.xcconfig; name = "Pods-Official_UT_Fitness_App.release.xcconfig"; path = "Target Support Files/Pods-Official_UT_Fitness_App/Pods-Official_UT_Fitness_App.release.xcconfig"; sourceTree = "<group>"; };
/* End PBXFileReference section */

/* Begin PBXFrameworksBuildPhase section */
		8C19AC462952674100AC572F /* Frameworks */ = {
			isa = PBXFrameworksBuildPhase;
			buildActionMask = 2147483647;
			files = (
				F9106865FF1F741507187DF1 /* Pods_Official_UT_Fitness_App.framework in Frameworks */,
			);
			runOnlyForDeploymentPostprocessing = 0;
		};
		8C19AC5C2952674200AC572F /* Frameworks */ = {
			isa = PBXFrameworksBuildPhase;
			buildActionMask = 2147483647;
			files = (
				5576200ED67D3BC48959F522 /* Pods_Official_UT_Fitness_AppTests.framework in Frameworks */,
			);
			runOnlyForDeploymentPostprocessing = 0;
		};
		8C19AC662952674200AC572F /* Frameworks */ = {
			isa = PBXFrameworksBuildPhase;
			buildActionMask = 2147483647;
			files = (
				65E1A7D378498958DA9552D0 /* Pods_Official_UT_Fitness_App_Official_UT_Fitness_AppUITests.framework in Frameworks */,
			);
			runOnlyForDeploymentPostprocessing = 0;
		};
/* End PBXFrameworksBuildPhase section */

/* Begin PBXGroup section */
		22430D9A0248FE53B2320F6A /* Frameworks */ = {
			isa = PBXGroup;
			children = (
				6874B3A2A8FA13C935A042B2 /* Pods_Official_UT_Fitness_App.framework */,
				2638CBBCA2078AFE023E3555 /* Pods_Official_UT_Fitness_App_Official_UT_Fitness_AppUITests.framework */,
				A3DDDEAAF28C6737115C923C /* Pods_Official_UT_Fitness_AppTests.framework */,
			);
			name = Frameworks;
			sourceTree = "<group>";
		};
		44B06DB18B0F57C8559A854C /* Pods */ = {
			isa = PBXGroup;
			children = (
				166BD1D9C2FC0D3C03C7205B /* Pods-Official_UT_Fitness_App.debug.xcconfig */,
				BFFCE74EBA9005058ACE6997 /* Pods-Official_UT_Fitness_App.release.xcconfig */,
				387DDB4DF3C5592442406594 /* Pods-Official_UT_Fitness_App-Official_UT_Fitness_AppUITests.debug.xcconfig */,
				53451A228239E6B05FFA055E /* Pods-Official_UT_Fitness_App-Official_UT_Fitness_AppUITests.release.xcconfig */,
				9663711416A9B86585B2B085 /* Pods-Official_UT_Fitness_AppTests.debug.xcconfig */,
				6F4723CCFB31E832D9CE4645 /* Pods-Official_UT_Fitness_AppTests.release.xcconfig */,
			);
			path = Pods;
			sourceTree = "<group>";
		};
		8C19AC402952674100AC572F = {
			isa = PBXGroup;
			children = (
				8C19AC4B2952674100AC572F /* Official_UT_Fitness_App */,
				8C19AC622952674200AC572F /* Official_UT_Fitness_AppTests */,
				8C19AC6C2952674200AC572F /* Official_UT_Fitness_AppUITests */,
				8C19AC4A2952674100AC572F /* Products */,
				44B06DB18B0F57C8559A854C /* Pods */,
				22430D9A0248FE53B2320F6A /* Frameworks */,
			);
			sourceTree = "<group>";
		};
		8C19AC4A2952674100AC572F /* Products */ = {
			isa = PBXGroup;
			children = (
				8C19AC492952674100AC572F /* Official_UT_Fitness_App.app */,
				8C19AC5F2952674200AC572F /* Official_UT_Fitness_AppTests.xctest */,
				8C19AC692952674200AC572F /* Official_UT_Fitness_AppUITests.xctest */,
			);
			name = Products;
			sourceTree = "<group>";
		};
		8C19AC4B2952674100AC572F /* Official_UT_Fitness_App */ = {
			isa = PBXGroup;
			children = (
				8C19AC4C2952674100AC572F /* AppDelegate.swift */,
				8C19AC4E2952674100AC572F /* SceneDelegate.swift */,
				8C19AC7C2952692100AC572F /* Model */,
				8C19AC7D2952692700AC572F /* View */,
				8C19AC7E2952692C00AC572F /* Controller */,
				8C19AC572952674200AC572F /* LaunchScreen.storyboard */,
				8C19AC552952674200AC572F /* Assets.xcassets */,
				8C66727F29647B0B00C638CA /* GoogleService-Info.plist */,
				8C19AC5A2952674200AC572F /* Info.plist */,
				8C2FA9502961175700E6F8BE /* Constants.swift */,
			);
			path = Official_UT_Fitness_App;
			sourceTree = "<group>";
		};
		8C19AC622952674200AC572F /* Official_UT_Fitness_AppTests */ = {
			isa = PBXGroup;
			children = (
				8C19AC632952674200AC572F /* Official_UT_Fitness_AppTests.swift */,
			);
			path = Official_UT_Fitness_AppTests;
			sourceTree = "<group>";
		};
		8C19AC6C2952674200AC572F /* Official_UT_Fitness_AppUITests */ = {
			isa = PBXGroup;
			children = (
				8C19AC6D2952674200AC572F /* Official_UT_Fitness_AppUITests.swift */,
				8C19AC6F2952674200AC572F /* Official_UT_Fitness_AppUITestsLaunchTests.swift */,
			);
			path = Official_UT_Fitness_AppUITests;
			sourceTree = "<group>";
		};
		8C19AC7C2952692100AC572F /* Model */ = {
			isa = PBXGroup;
			children = (
				8CED00D12996AB6E0094766E /* Exercise.swift */,
				8C19AC7F29526A2600AC572F /* ExerciseLibrary.swift */,
				8C5DBFA0297B19EB003B23E9 /* ExerciseGenerator.swift */,
				8C19AC8329526B9200AC572F /* NutritionAnalysis.swift */,
				8CDA1607299AD7A400464B6C /* Session.swift */,
				8C19AC8529526BAD00AC572F /* GifLoader.swift */,
				8C19AC8929526BD900AC572F /* SegueRightAnimation.swift */,
				8C19AC8729526BC400AC572F /* SegueLeftAnimation.swift */,
				8C19AC8129526A4500AC572F /* SecondsToString.swift */,
				8CEFFA5829539E52005B52DB /* NSUIColor+Hex.swift */,
			);
			path = Model;
			sourceTree = "<group>";
		};
		8C19AC7D2952692700AC572F /* View */ = {
			isa = PBXGroup;
			children = (
				8C19AC522952674100AC572F /* Main.storyboard */,
			);
			path = View;
			sourceTree = "<group>";
		};
		8C19AC7E2952692C00AC572F /* Controller */ = {
			isa = PBXGroup;
			children = (
				8C19AC502952674100AC572F /* Home.swift */,
				8C19AC8B29526D2F00AC572F /* NutritionStats.swift */,
				8C19AC8D29526D3C00AC572F /* TrainingSession.swift */,
				8C19AC8F29526D4600AC572F /* Rest.swift */,
				8C5DBFA5297C927C003B23E9 /* GenerateWorkout.swift */,
				8C6CECFA29732A5C0087E36E /* EnterUserInfo.swift */,
				8C19AC93295274A400AC572F /* training_in_session.gif */,
				8C19AC95295274C100AC572F /* fasterbackground.gif */,
				8CD14A7F2970DC9B00E01BC6 /* LoginViewController.swift */,
				8CD14A812970DD0300E01BC6 /* SignUpController.swift */,
			);
			path = Controller;
			sourceTree = "<group>";
		};
/* End PBXGroup section */

/* Begin PBXNativeTarget section */
		8C19AC482952674100AC572F /* Official_UT_Fitness_App */ = {
			isa = PBXNativeTarget;
			buildConfigurationList = 8C19AC732952674200AC572F /* Build configuration list for PBXNativeTarget "Official_UT_Fitness_App" */;
			buildPhases = (
				722F24B35A4970A1EDF63F5A /* [CP] Check Pods Manifest.lock */,
				8C19AC452952674100AC572F /* Sources */,
				8C19AC462952674100AC572F /* Frameworks */,
				8C19AC472952674100AC572F /* Resources */,
				1D5E1185D0A5DC67F766C0CF /* [CP] Embed Pods Frameworks */,
			);
			buildRules = (
			);
			dependencies = (
			);
			name = Official_UT_Fitness_App;
			productName = Official_UT_Fitness_App;
			productReference = 8C19AC492952674100AC572F /* Official_UT_Fitness_App.app */;
			productType = "com.apple.product-type.application";
		};
		8C19AC5E2952674200AC572F /* Official_UT_Fitness_AppTests */ = {
			isa = PBXNativeTarget;
			buildConfigurationList = 8C19AC762952674200AC572F /* Build configuration list for PBXNativeTarget "Official_UT_Fitness_AppTests" */;
			buildPhases = (
				22B4464C16CC72C35D5E9122 /* [CP] Check Pods Manifest.lock */,
				8C19AC5B2952674200AC572F /* Sources */,
				8C19AC5C2952674200AC572F /* Frameworks */,
				8C19AC5D2952674200AC572F /* Resources */,
			);
			buildRules = (
			);
			dependencies = (
				8C19AC612952674200AC572F /* PBXTargetDependency */,
			);
			name = Official_UT_Fitness_AppTests;
			productName = Official_UT_Fitness_AppTests;
			productReference = 8C19AC5F2952674200AC572F /* Official_UT_Fitness_AppTests.xctest */;
			productType = "com.apple.product-type.bundle.unit-test";
		};
		8C19AC682952674200AC572F /* Official_UT_Fitness_AppUITests */ = {
			isa = PBXNativeTarget;
			buildConfigurationList = 8C19AC792952674200AC572F /* Build configuration list for PBXNativeTarget "Official_UT_Fitness_AppUITests" */;
			buildPhases = (
				08C34062D69975C4D00789EA /* [CP] Check Pods Manifest.lock */,
				8C19AC652952674200AC572F /* Sources */,
				8C19AC662952674200AC572F /* Frameworks */,
				8C19AC672952674200AC572F /* Resources */,
				3B5DE43508D610C398B6FF2E /* [CP] Embed Pods Frameworks */,
			);
			buildRules = (
			);
			dependencies = (
				8C19AC6B2952674200AC572F /* PBXTargetDependency */,
			);
			name = Official_UT_Fitness_AppUITests;
			productName = Official_UT_Fitness_AppUITests;
			productReference = 8C19AC692952674200AC572F /* Official_UT_Fitness_AppUITests.xctest */;
			productType = "com.apple.product-type.bundle.ui-testing";
		};
/* End PBXNativeTarget section */

/* Begin PBXProject section */
		8C19AC412952674100AC572F /* Project object */ = {
			isa = PBXProject;
			attributes = {
				BuildIndependentTargetsInParallel = 1;
				LastSwiftUpdateCheck = 1400;
				LastUpgradeCheck = 1400;
				TargetAttributes = {
					8C19AC482952674100AC572F = {
						CreatedOnToolsVersion = 14.0;
					};
					8C19AC5E2952674200AC572F = {
						CreatedOnToolsVersion = 14.0;
						TestTargetID = 8C19AC482952674100AC572F;
					};
					8C19AC682952674200AC572F = {
						CreatedOnToolsVersion = 14.0;
						TestTargetID = 8C19AC482952674100AC572F;
					};
				};
			};
			buildConfigurationList = 8C19AC442952674100AC572F /* Build configuration list for PBXProject "Official_UT_Fitness_App" */;
			compatibilityVersion = "Xcode 13.0";
			developmentRegion = en;
			hasScannedForEncodings = 0;
			knownRegions = (
				en,
				Base,
			);
			mainGroup = 8C19AC402952674100AC572F;
			productRefGroup = 8C19AC4A2952674100AC572F /* Products */;
			projectDirPath = "";
			projectRoot = "";
			targets = (
				8C19AC482952674100AC572F /* Official_UT_Fitness_App */,
				8C19AC5E2952674200AC572F /* Official_UT_Fitness_AppTests */,
				8C19AC682952674200AC572F /* Official_UT_Fitness_AppUITests */,
			);
		};
/* End PBXProject section */

/* Begin PBXResourcesBuildPhase section */
		8C19AC472952674100AC572F /* Resources */ = {
			isa = PBXResourcesBuildPhase;
			buildActionMask = 2147483647;
			files = (
				8C19AC94295274A400AC572F /* training_in_session.gif in Resources */,
				8C19AC592952674200AC572F /* LaunchScreen.storyboard in Resources */,
				8C19AC96295274C100AC572F /* fasterbackground.gif in Resources */,
				8C19AC542952674100AC572F /* Main.storyboard in Resources */,
				8C19AC9C29537D3800AC572F /* Assets.xcassets in Resources */,
				8C66728029647B0B00C638CA /* GoogleService-Info.plist in Resources */,
			);
			runOnlyForDeploymentPostprocessing = 0;
		};
		8C19AC5D2952674200AC572F /* Resources */ = {
			isa = PBXResourcesBuildPhase;
			buildActionMask = 2147483647;
			files = (
			);
			runOnlyForDeploymentPostprocessing = 0;
		};
		8C19AC672952674200AC572F /* Resources */ = {
			isa = PBXResourcesBuildPhase;
			buildActionMask = 2147483647;
			files = (
			);
			runOnlyForDeploymentPostprocessing = 0;
		};
/* End PBXResourcesBuildPhase section */

/* Begin PBXShellScriptBuildPhase section */
		08C34062D69975C4D00789EA /* [CP] Check Pods Manifest.lock */ = {
			isa = PBXShellScriptBuildPhase;
			buildActionMask = 2147483647;
			files = (
			);
			inputFileListPaths = (
			);
			inputPaths = (
				"${PODS_PODFILE_DIR_PATH}/Podfile.lock",
				"${PODS_ROOT}/Manifest.lock",
			);
			name = "[CP] Check Pods Manifest.lock";
			outputFileListPaths = (
			);
			outputPaths = (
				"$(DERIVED_FILE_DIR)/Pods-Official_UT_Fitness_App-Official_UT_Fitness_AppUITests-checkManifestLockResult.txt",
			);
			runOnlyForDeploymentPostprocessing = 0;
			shellPath = /bin/sh;
			shellScript = "diff \"${PODS_PODFILE_DIR_PATH}/Podfile.lock\" \"${PODS_ROOT}/Manifest.lock\" > /dev/null\nif [ $? != 0 ] ; then\n    # print error to STDERR\n    echo \"error: The sandbox is not in sync with the Podfile.lock. Run 'pod install' or update your CocoaPods installation.\" >&2\n    exit 1\nfi\n# This output is used by Xcode 'outputs' to avoid re-running this script phase.\necho \"SUCCESS\" > \"${SCRIPT_OUTPUT_FILE_0}\"\n";
			showEnvVarsInLog = 0;
		};
		1D5E1185D0A5DC67F766C0CF /* [CP] Embed Pods Frameworks */ = {
			isa = PBXShellScriptBuildPhase;
			buildActionMask = 2147483647;
			files = (
			);
			inputFileListPaths = (
				"${PODS_ROOT}/Target Support Files/Pods-Official_UT_Fitness_App/Pods-Official_UT_Fitness_App-frameworks-${CONFIGURATION}-input-files.xcfilelist",
			);
			name = "[CP] Embed Pods Frameworks";
			outputFileListPaths = (
				"${PODS_ROOT}/Target Support Files/Pods-Official_UT_Fitness_App/Pods-Official_UT_Fitness_App-frameworks-${CONFIGURATION}-output-files.xcfilelist",
			);
			runOnlyForDeploymentPostprocessing = 0;
			shellPath = /bin/sh;
			shellScript = "\"${PODS_ROOT}/Target Support Files/Pods-Official_UT_Fitness_App/Pods-Official_UT_Fitness_App-frameworks.sh\"\n";
			showEnvVarsInLog = 0;
		};
		22B4464C16CC72C35D5E9122 /* [CP] Check Pods Manifest.lock */ = {
			isa = PBXShellScriptBuildPhase;
			buildActionMask = 2147483647;
			files = (
			);
			inputFileListPaths = (
			);
			inputPaths = (
				"${PODS_PODFILE_DIR_PATH}/Podfile.lock",
				"${PODS_ROOT}/Manifest.lock",
			);
			name = "[CP] Check Pods Manifest.lock";
			outputFileListPaths = (
			);
			outputPaths = (
				"$(DERIVED_FILE_DIR)/Pods-Official_UT_Fitness_AppTests-checkManifestLockResult.txt",
			);
			runOnlyForDeploymentPostprocessing = 0;
			shellPath = /bin/sh;
			shellScript = "diff \"${PODS_PODFILE_DIR_PATH}/Podfile.lock\" \"${PODS_ROOT}/Manifest.lock\" > /dev/null\nif [ $? != 0 ] ; then\n    # print error to STDERR\n    echo \"error: The sandbox is not in sync with the Podfile.lock. Run 'pod install' or update your CocoaPods installation.\" >&2\n    exit 1\nfi\n# This output is used by Xcode 'outputs' to avoid re-running this script phase.\necho \"SUCCESS\" > \"${SCRIPT_OUTPUT_FILE_0}\"\n";
			showEnvVarsInLog = 0;
		};
		3B5DE43508D610C398B6FF2E /* [CP] Embed Pods Frameworks */ = {
			isa = PBXShellScriptBuildPhase;
			buildActionMask = 2147483647;
			files = (
			);
			inputFileListPaths = (
				"${PODS_ROOT}/Target Support Files/Pods-Official_UT_Fitness_App-Official_UT_Fitness_AppUITests/Pods-Official_UT_Fitness_App-Official_UT_Fitness_AppUITests-frameworks-${CONFIGURATION}-input-files.xcfilelist",
			);
			name = "[CP] Embed Pods Frameworks";
			outputFileListPaths = (
				"${PODS_ROOT}/Target Support Files/Pods-Official_UT_Fitness_App-Official_UT_Fitness_AppUITests/Pods-Official_UT_Fitness_App-Official_UT_Fitness_AppUITests-frameworks-${CONFIGURATION}-output-files.xcfilelist",
			);
			runOnlyForDeploymentPostprocessing = 0;
			shellPath = /bin/sh;
			shellScript = "\"${PODS_ROOT}/Target Support Files/Pods-Official_UT_Fitness_App-Official_UT_Fitness_AppUITests/Pods-Official_UT_Fitness_App-Official_UT_Fitness_AppUITests-frameworks.sh\"\n";
			showEnvVarsInLog = 0;
		};
		722F24B35A4970A1EDF63F5A /* [CP] Check Pods Manifest.lock */ = {
			isa = PBXShellScriptBuildPhase;
			buildActionMask = 2147483647;
			files = (
			);
			inputFileListPaths = (
			);
			inputPaths = (
				"${PODS_PODFILE_DIR_PATH}/Podfile.lock",
				"${PODS_ROOT}/Manifest.lock",
			);
			name = "[CP] Check Pods Manifest.lock";
			outputFileListPaths = (
			);
			outputPaths = (
				"$(DERIVED_FILE_DIR)/Pods-Official_UT_Fitness_App-checkManifestLockResult.txt",
			);
			runOnlyForDeploymentPostprocessing = 0;
			shellPath = /bin/sh;
			shellScript = "diff \"${PODS_PODFILE_DIR_PATH}/Podfile.lock\" \"${PODS_ROOT}/Manifest.lock\" > /dev/null\nif [ $? != 0 ] ; then\n    # print error to STDERR\n    echo \"error: The sandbox is not in sync with the Podfile.lock. Run 'pod install' or update your CocoaPods installation.\" >&2\n    exit 1\nfi\n# This output is used by Xcode 'outputs' to avoid re-running this script phase.\necho \"SUCCESS\" > \"${SCRIPT_OUTPUT_FILE_0}\"\n";
			showEnvVarsInLog = 0;
		};
/* End PBXShellScriptBuildPhase section */

/* Begin PBXSourcesBuildPhase section */
		8C19AC452952674100AC572F /* Sources */ = {
			isa = PBXSourcesBuildPhase;
			buildActionMask = 2147483647;
			files = (
				8C19AC8629526BAD00AC572F /* GifLoader.swift in Sources */,
				8C19AC8429526B9200AC572F /* NutritionAnalysis.swift in Sources */,
				8C19AC8A29526BD900AC572F /* SegueRightAnimation.swift in Sources */,
				8C6CECFB29732A5C0087E36E /* EnterUserInfo.swift in Sources */,
				8C19AC512952674100AC572F /* Home.swift in Sources */,
				8CDA1608299AD7A400464B6C /* Session.swift in Sources */,
				8CED00D22996AB6E0094766E /* Exercise.swift in Sources */,
				8C19AC8029526A2600AC572F /* ExerciseLibrary.swift in Sources */,
				8C2FA9512961175700E6F8BE /* Constants.swift in Sources */,
				8C19AC9029526D4600AC572F /* Rest.swift in Sources */,
				8C19AC4D2952674100AC572F /* AppDelegate.swift in Sources */,
				8C19AC8229526A4500AC572F /* SecondsToString.swift in Sources */,
				8C5DBFA6297C927C003B23E9 /* GenerateWorkout.swift in Sources */,
				8CD14A822970DD0300E01BC6 /* SignUpController.swift in Sources */,
				8CEFFA5929539E52005B52DB /* NSUIColor+Hex.swift in Sources */,
				8C5DBFA1297B19EB003B23E9 /* ExerciseGenerator.swift in Sources */,
				8C19AC8E29526D3C00AC572F /* TrainingSession.swift in Sources */,
				8C19AC4F2952674100AC572F /* SceneDelegate.swift in Sources */,
				8CD14A802970DC9B00E01BC6 /* LoginViewController.swift in Sources */,
				8C19AC8C29526D2F00AC572F /* NutritionStats.swift in Sources */,
				8C19AC8829526BC400AC572F /* SegueLeftAnimation.swift in Sources */,
			);
			runOnlyForDeploymentPostprocessing = 0;
		};
		8C19AC5B2952674200AC572F /* Sources */ = {
			isa = PBXSourcesBuildPhase;
			buildActionMask = 2147483647;
			files = (
				8C19AC642952674200AC572F /* Official_UT_Fitness_AppTests.swift in Sources */,
			);
			runOnlyForDeploymentPostprocessing = 0;
		};
		8C19AC652952674200AC572F /* Sources */ = {
			isa = PBXSourcesBuildPhase;
			buildActionMask = 2147483647;
			files = (
				8C19AC6E2952674200AC572F /* Official_UT_Fitness_AppUITests.swift in Sources */,
				8C19AC702952674200AC572F /* Official_UT_Fitness_AppUITestsLaunchTests.swift in Sources */,
			);
			runOnlyForDeploymentPostprocessing = 0;
		};
/* End PBXSourcesBuildPhase section */

/* Begin PBXTargetDependency section */
		8C19AC612952674200AC572F /* PBXTargetDependency */ = {
			isa = PBXTargetDependency;
			target = 8C19AC482952674100AC572F /* Official_UT_Fitness_App */;
			targetProxy = 8C19AC602952674200AC572F /* PBXContainerItemProxy */;
		};
		8C19AC6B2952674200AC572F /* PBXTargetDependency */ = {
			isa = PBXTargetDependency;
			target = 8C19AC482952674100AC572F /* Official_UT_Fitness_App */;
			targetProxy = 8C19AC6A2952674200AC572F /* PBXContainerItemProxy */;
		};
/* End PBXTargetDependency section */

/* Begin PBXVariantGroup section */
		8C19AC522952674100AC572F /* Main.storyboard */ = {
			isa = PBXVariantGroup;
			children = (
				8C19AC532952674100AC572F /* Base */,
			);
			name = Main.storyboard;
			sourceTree = "<group>";
		};
		8C19AC572952674200AC572F /* LaunchScreen.storyboard */ = {
			isa = PBXVariantGroup;
			children = (
				8C19AC582952674200AC572F /* Base */,
			);
			name = LaunchScreen.storyboard;
			sourceTree = "<group>";
		};
/* End PBXVariantGroup section */

/* Begin XCBuildConfiguration section */
		8C19AC712952674200AC572F /* Debug */ = {
			isa = XCBuildConfiguration;
			buildSettings = {
				ALWAYS_SEARCH_USER_PATHS = NO;
				CLANG_ANALYZER_NONNULL = YES;
				CLANG_ANALYZER_NUMBER_OBJECT_CONVERSION = YES_AGGRESSIVE;
				CLANG_CXX_LANGUAGE_STANDARD = "gnu++20";
				CLANG_ENABLE_MODULES = YES;
				CLANG_ENABLE_OBJC_ARC = YES;
				CLANG_ENABLE_OBJC_WEAK = YES;
				CLANG_WARN_BLOCK_CAPTURE_AUTORELEASING = YES;
				CLANG_WARN_BOOL_CONVERSION = YES;
				CLANG_WARN_COMMA = YES;
				CLANG_WARN_CONSTANT_CONVERSION = YES;
				CLANG_WARN_DEPRECATED_OBJC_IMPLEMENTATIONS = YES;
				CLANG_WARN_DIRECT_OBJC_ISA_USAGE = YES_ERROR;
				CLANG_WARN_DOCUMENTATION_COMMENTS = YES;
				CLANG_WARN_EMPTY_BODY = YES;
				CLANG_WARN_ENUM_CONVERSION = YES;
				CLANG_WARN_INFINITE_RECURSION = YES;
				CLANG_WARN_INT_CONVERSION = YES;
				CLANG_WARN_NON_LITERAL_NULL_CONVERSION = YES;
				CLANG_WARN_OBJC_IMPLICIT_RETAIN_SELF = YES;
				CLANG_WARN_OBJC_LITERAL_CONVERSION = YES;
				CLANG_WARN_OBJC_ROOT_CLASS = YES_ERROR;
				CLANG_WARN_QUOTED_INCLUDE_IN_FRAMEWORK_HEADER = YES;
				CLANG_WARN_RANGE_LOOP_ANALYSIS = YES;
				CLANG_WARN_STRICT_PROTOTYPES = YES;
				CLANG_WARN_SUSPICIOUS_MOVE = YES;
				CLANG_WARN_UNGUARDED_AVAILABILITY = YES_AGGRESSIVE;
				CLANG_WARN_UNREACHABLE_CODE = YES;
				CLANG_WARN__DUPLICATE_METHOD_MATCH = YES;
				COPY_PHASE_STRIP = NO;
				DEBUG_INFORMATION_FORMAT = dwarf;
				ENABLE_STRICT_OBJC_MSGSEND = YES;
				ENABLE_TESTABILITY = YES;
				GCC_C_LANGUAGE_STANDARD = gnu11;
				GCC_DYNAMIC_NO_PIC = NO;
				GCC_NO_COMMON_BLOCKS = YES;
				GCC_OPTIMIZATION_LEVEL = 0;
				GCC_PREPROCESSOR_DEFINITIONS = (
					"DEBUG=1",
					"$(inherited)",
				);
				GCC_WARN_64_TO_32_BIT_CONVERSION = YES;
				GCC_WARN_ABOUT_RETURN_TYPE = YES_ERROR;
				GCC_WARN_UNDECLARED_SELECTOR = YES;
				GCC_WARN_UNINITIALIZED_AUTOS = YES_AGGRESSIVE;
				GCC_WARN_UNUSED_FUNCTION = YES;
				GCC_WARN_UNUSED_VARIABLE = YES;
				IPHONEOS_DEPLOYMENT_TARGET = 16.0;
				MTL_ENABLE_DEBUG_INFO = INCLUDE_SOURCE;
				MTL_FAST_MATH = YES;
				ONLY_ACTIVE_ARCH = YES;
				SDKROOT = iphoneos;
				SWIFT_ACTIVE_COMPILATION_CONDITIONS = DEBUG;
				SWIFT_OPTIMIZATION_LEVEL = "-Onone";
			};
			name = Debug;
		};
		8C19AC722952674200AC572F /* Release */ = {
			isa = XCBuildConfiguration;
			buildSettings = {
				ALWAYS_SEARCH_USER_PATHS = NO;
				CLANG_ANALYZER_NONNULL = YES;
				CLANG_ANALYZER_NUMBER_OBJECT_CONVERSION = YES_AGGRESSIVE;
				CLANG_CXX_LANGUAGE_STANDARD = "gnu++20";
				CLANG_ENABLE_MODULES = YES;
				CLANG_ENABLE_OBJC_ARC = YES;
				CLANG_ENABLE_OBJC_WEAK = YES;
				CLANG_WARN_BLOCK_CAPTURE_AUTORELEASING = YES;
				CLANG_WARN_BOOL_CONVERSION = YES;
				CLANG_WARN_COMMA = YES;
				CLANG_WARN_CONSTANT_CONVERSION = YES;
				CLANG_WARN_DEPRECATED_OBJC_IMPLEMENTATIONS = YES;
				CLANG_WARN_DIRECT_OBJC_ISA_USAGE = YES_ERROR;
				CLANG_WARN_DOCUMENTATION_COMMENTS = YES;
				CLANG_WARN_EMPTY_BODY = YES;
				CLANG_WARN_ENUM_CONVERSION = YES;
				CLANG_WARN_INFINITE_RECURSION = YES;
				CLANG_WARN_INT_CONVERSION = YES;
				CLANG_WARN_NON_LITERAL_NULL_CONVERSION = YES;
				CLANG_WARN_OBJC_IMPLICIT_RETAIN_SELF = YES;
				CLANG_WARN_OBJC_LITERAL_CONVERSION = YES;
				CLANG_WARN_OBJC_ROOT_CLASS = YES_ERROR;
				CLANG_WARN_QUOTED_INCLUDE_IN_FRAMEWORK_HEADER = YES;
				CLANG_WARN_RANGE_LOOP_ANALYSIS = YES;
				CLANG_WARN_STRICT_PROTOTYPES = YES;
				CLANG_WARN_SUSPICIOUS_MOVE = YES;
				CLANG_WARN_UNGUARDED_AVAILABILITY = YES_AGGRESSIVE;
				CLANG_WARN_UNREACHABLE_CODE = YES;
				CLANG_WARN__DUPLICATE_METHOD_MATCH = YES;
				COPY_PHASE_STRIP = NO;
				DEBUG_INFORMATION_FORMAT = "dwarf-with-dsym";
				ENABLE_NS_ASSERTIONS = NO;
				ENABLE_STRICT_OBJC_MSGSEND = YES;
				GCC_C_LANGUAGE_STANDARD = gnu11;
				GCC_NO_COMMON_BLOCKS = YES;
				GCC_WARN_64_TO_32_BIT_CONVERSION = YES;
				GCC_WARN_ABOUT_RETURN_TYPE = YES_ERROR;
				GCC_WARN_UNDECLARED_SELECTOR = YES;
				GCC_WARN_UNINITIALIZED_AUTOS = YES_AGGRESSIVE;
				GCC_WARN_UNUSED_FUNCTION = YES;
				GCC_WARN_UNUSED_VARIABLE = YES;
				IPHONEOS_DEPLOYMENT_TARGET = 16.0;
				MTL_ENABLE_DEBUG_INFO = NO;
				MTL_FAST_MATH = YES;
				SDKROOT = iphoneos;
				SWIFT_COMPILATION_MODE = wholemodule;
				SWIFT_OPTIMIZATION_LEVEL = "-O";
				VALIDATE_PRODUCT = YES;
			};
			name = Release;
		};
		8C19AC742952674200AC572F /* Debug */ = {
			isa = XCBuildConfiguration;
			baseConfigurationReference = 166BD1D9C2FC0D3C03C7205B /* Pods-Official_UT_Fitness_App.debug.xcconfig */;
			buildSettings = {
				ASSETCATALOG_COMPILER_APPICON_NAME = AppIcon;
				ASSETCATALOG_COMPILER_GLOBAL_ACCENT_COLOR_NAME = AccentColor;
				CODE_SIGN_STYLE = Automatic;
				CURRENT_PROJECT_VERSION = 1;
				DEVELOPMENT_TEAM = WQXPFZ5LH3;
				GENERATE_INFOPLIST_FILE = YES;
				INFOPLIST_FILE = Official_UT_Fitness_App/Info.plist;
				INFOPLIST_KEY_UIApplicationSupportsIndirectInputEvents = YES;
				INFOPLIST_KEY_UILaunchStoryboardName = LaunchScreen;
				INFOPLIST_KEY_UIMainStoryboardFile = Main;
				INFOPLIST_KEY_UISupportedInterfaceOrientations_iPad = "UIInterfaceOrientationPortrait UIInterfaceOrientationPortraitUpsideDown UIInterfaceOrientationLandscapeLeft UIInterfaceOrientationLandscapeRight";
				INFOPLIST_KEY_UISupportedInterfaceOrientations_iPhone = "UIInterfaceOrientationPortrait UIInterfaceOrientationLandscapeLeft UIInterfaceOrientationLandscapeRight";
				LD_RUNPATH_SEARCH_PATHS = (
					"$(inherited)",
					"@executable_path/Frameworks",
				);
				MARKETING_VERSION = 1.0;
				PRODUCT_BUNDLE_IDENTIFIER = "com.Luminosity.Official-UT-Fitness-App";
				PRODUCT_NAME = "$(TARGET_NAME)";
				SWIFT_EMIT_LOC_STRINGS = YES;
				SWIFT_VERSION = 5.0;
				TARGETED_DEVICE_FAMILY = "1,2";
			};
			name = Debug;
		};
		8C19AC752952674200AC572F /* Release */ = {
			isa = XCBuildConfiguration;
			baseConfigurationReference = BFFCE74EBA9005058ACE6997 /* Pods-Official_UT_Fitness_App.release.xcconfig */;
			buildSettings = {
				ASSETCATALOG_COMPILER_APPICON_NAME = AppIcon;
				ASSETCATALOG_COMPILER_GLOBAL_ACCENT_COLOR_NAME = AccentColor;
				CODE_SIGN_STYLE = Automatic;
				CURRENT_PROJECT_VERSION = 1;
				DEVELOPMENT_TEAM = WQXPFZ5LH3;
				GENERATE_INFOPLIST_FILE = YES;
				INFOPLIST_FILE = Official_UT_Fitness_App/Info.plist;
				INFOPLIST_KEY_UIApplicationSupportsIndirectInputEvents = YES;
				INFOPLIST_KEY_UILaunchStoryboardName = LaunchScreen;
				INFOPLIST_KEY_UIMainStoryboardFile = Main;
				INFOPLIST_KEY_UISupportedInterfaceOrientations_iPad = "UIInterfaceOrientationPortrait UIInterfaceOrientationPortraitUpsideDown UIInterfaceOrientationLandscapeLeft UIInterfaceOrientationLandscapeRight";
				INFOPLIST_KEY_UISupportedInterfaceOrientations_iPhone = "UIInterfaceOrientationPortrait UIInterfaceOrientationLandscapeLeft UIInterfaceOrientationLandscapeRight";
				LD_RUNPATH_SEARCH_PATHS = (
					"$(inherited)",
					"@executable_path/Frameworks",
				);
				MARKETING_VERSION = 1.0;
				PRODUCT_BUNDLE_IDENTIFIER = "com.Luminosity.Official-UT-Fitness-App";
				PRODUCT_NAME = "$(TARGET_NAME)";
				SWIFT_EMIT_LOC_STRINGS = YES;
				SWIFT_VERSION = 5.0;
				TARGETED_DEVICE_FAMILY = "1,2";
			};
			name = Release;
		};
		8C19AC772952674200AC572F /* Debug */ = {
			isa = XCBuildConfiguration;
			baseConfigurationReference = 9663711416A9B86585B2B085 /* Pods-Official_UT_Fitness_AppTests.debug.xcconfig */;
			buildSettings = {
				BUNDLE_LOADER = "$(TEST_HOST)";
				CODE_SIGN_STYLE = Automatic;
				CURRENT_PROJECT_VERSION = 1;
				DEVELOPMENT_TEAM = WQXPFZ5LH3;
				GENERATE_INFOPLIST_FILE = YES;
				IPHONEOS_DEPLOYMENT_TARGET = 16.0;
				MARKETING_VERSION = 1.0;
				PRODUCT_BUNDLE_IDENTIFIER = "com.Luminosity.Official-UT-Fitness-AppTests";
				PRODUCT_NAME = "$(TARGET_NAME)";
				SWIFT_EMIT_LOC_STRINGS = NO;
				SWIFT_VERSION = 5.0;
				TARGETED_DEVICE_FAMILY = "1,2";
				TEST_HOST = "$(BUILT_PRODUCTS_DIR)/Official_UT_Fitness_App.app/$(BUNDLE_EXECUTABLE_FOLDER_PATH)/Official_UT_Fitness_App";
			};
			name = Debug;
		};
		8C19AC782952674200AC572F /* Release */ = {
			isa = XCBuildConfiguration;
			baseConfigurationReference = 6F4723CCFB31E832D9CE4645 /* Pods-Official_UT_Fitness_AppTests.release.xcconfig */;
			buildSettings = {
				BUNDLE_LOADER = "$(TEST_HOST)";
				CODE_SIGN_STYLE = Automatic;
				CURRENT_PROJECT_VERSION = 1;
				DEVELOPMENT_TEAM = WQXPFZ5LH3;
				GENERATE_INFOPLIST_FILE = YES;
				IPHONEOS_DEPLOYMENT_TARGET = 16.0;
				MARKETING_VERSION = 1.0;
				PRODUCT_BUNDLE_IDENTIFIER = "com.Luminosity.Official-UT-Fitness-AppTests";
				PRODUCT_NAME = "$(TARGET_NAME)";
				SWIFT_EMIT_LOC_STRINGS = NO;
				SWIFT_VERSION = 5.0;
				TARGETED_DEVICE_FAMILY = "1,2";
				TEST_HOST = "$(BUILT_PRODUCTS_DIR)/Official_UT_Fitness_App.app/$(BUNDLE_EXECUTABLE_FOLDER_PATH)/Official_UT_Fitness_App";
			};
			name = Release;
		};
		8C19AC7A2952674200AC572F /* Debug */ = {
			isa = XCBuildConfiguration;
			baseConfigurationReference = 387DDB4DF3C5592442406594 /* Pods-Official_UT_Fitness_App-Official_UT_Fitness_AppUITests.debug.xcconfig */;
			buildSettings = {
				CODE_SIGN_STYLE = Automatic;
				CURRENT_PROJECT_VERSION = 1;
				DEVELOPMENT_TEAM = WQXPFZ5LH3;
				GENERATE_INFOPLIST_FILE = YES;
				MARKETING_VERSION = 1.0;
				PRODUCT_BUNDLE_IDENTIFIER = "com.Luminosity.Official-UT-Fitness-AppUITests";
				PRODUCT_NAME = "$(TARGET_NAME)";
				SWIFT_EMIT_LOC_STRINGS = NO;
				SWIFT_VERSION = 5.0;
				TARGETED_DEVICE_FAMILY = "1,2";
				TEST_TARGET_NAME = Official_UT_Fitness_App;
			};
			name = Debug;
		};
		8C19AC7B2952674200AC572F /* Release */ = {
			isa = XCBuildConfiguration;
			baseConfigurationReference = 53451A228239E6B05FFA055E /* Pods-Official_UT_Fitness_App-Official_UT_Fitness_AppUITests.release.xcconfig */;
			buildSettings = {
				CODE_SIGN_STYLE = Automatic;
				CURRENT_PROJECT_VERSION = 1;
				DEVELOPMENT_TEAM = WQXPFZ5LH3;
				GENERATE_INFOPLIST_FILE = YES;
				MARKETING_VERSION = 1.0;
				PRODUCT_BUNDLE_IDENTIFIER = "com.Luminosity.Official-UT-Fitness-AppUITests";
				PRODUCT_NAME = "$(TARGET_NAME)";
				SWIFT_EMIT_LOC_STRINGS = NO;
				SWIFT_VERSION = 5.0;
				TARGETED_DEVICE_FAMILY = "1,2";
				TEST_TARGET_NAME = Official_UT_Fitness_App;
			};
			name = Release;
		};
/* End XCBuildConfiguration section */

/* Begin XCConfigurationList section */
		8C19AC442952674100AC572F /* Build configuration list for PBXProject "Official_UT_Fitness_App" */ = {
			isa = XCConfigurationList;
			buildConfigurations = (
				8C19AC712952674200AC572F /* Debug */,
				8C19AC722952674200AC572F /* Release */,
			);
			defaultConfigurationIsVisible = 0;
			defaultConfigurationName = Release;
		};
		8C19AC732952674200AC572F /* Build configuration list for PBXNativeTarget "Official_UT_Fitness_App" */ = {
			isa = XCConfigurationList;
			buildConfigurations = (
				8C19AC742952674200AC572F /* Debug */,
				8C19AC752952674200AC572F /* Release */,
			);
			defaultConfigurationIsVisible = 0;
			defaultConfigurationName = Release;
		};
		8C19AC762952674200AC572F /* Build configuration list for PBXNativeTarget "Official_UT_Fitness_AppTests" */ = {
			isa = XCConfigurationList;
			buildConfigurations = (
				8C19AC772952674200AC572F /* Debug */,
				8C19AC782952674200AC572F /* Release */,
			);
			defaultConfigurationIsVisible = 0;
			defaultConfigurationName = Release;
		};
		8C19AC792952674200AC572F /* Build configuration list for PBXNativeTarget "Official_UT_Fitness_AppUITests" */ = {
			isa = XCConfigurationList;
			buildConfigurations = (
				8C19AC7A2952674200AC572F /* Debug */,
				8C19AC7B2952674200AC572F /* Release */,
			);
			defaultConfigurationIsVisible = 0;
			defaultConfigurationName = Release;
		};
/* End XCConfigurationList section */
	};
	rootObject = 8C19AC412952674100AC572F /* Project object */;
}
